
Microsoft Visual Studio Solution File, Format Version 12.00
# Visual Studio Version 16
VisualStudioVersion = 16.0.29009.5
MinimumVisualStudioVersion = 10.0.40219.1
Project("{FAE04EC0-301F-11D3-BF4B-00C04F79EFBC}") = "AutoSync", "src\AutoSync\AutoSync.csproj", "{664C69C3-C437-4C0F-8059-ABB6D6FE1B17}"
EndProject
Global
	GlobalSection(SolutionConfigurationPlatforms) = preSolution
		Debug|Any CPU = Debug|Any CPU
		Release|Any CPU = Release|Any CPU
	EndGlobalSection
	GlobalSection(ProjectConfigurationPlatforms) = postSolution
		{664C69C3-C437-4C0F-8059-ABB6D6FE1B17}.Debug|Any CPU.ActiveCfg = Debug|Any CPU
		{664C69C3-C437-4C0F-8059-ABB6D6FE1B17}.Debug|Any CPU.Build.0 = Debug|Any CPU
		{664C69C3-C437-4C0F-8059-ABB6D6FE1B17}.Release|Any CPU.ActiveCfg = Release|Any CPU
		{664C69C3-C437-4C0F-8059-ABB6D6FE1B17}.Release|Any CPU.Build.0 = Release|Any CPU
	EndGlobalSection
	GlobalSection(SolutionProperties) = preSolution
		HideSolutionNode = FALSE
	EndGlobalSection
	GlobalSection(ExtensibilityGlobals) = postSolution
		SolutionGuid = {103FCDD7-F730-497B-AC8E-4F4DCFDF2253}
	EndGlobalSection
EndGlobal
